{
  "nodes": {
    "elm-spa": {
      "inputs": {
        "flake-utils": [
          "mkElmDerivation",
          "flake-utils"
        ],
        "nixpkgs": [
          "mkElmDerivation",
          "nixpkgs"
        ]
      },
      "locked": {
        "lastModified": 1680551213,
        "narHash": "sha256-Sjrb0dwsEhSBqnylFl/dGThiR16QdrjEw3+bRdRTi5M=",
        "owner": "jeslie0",
        "repo": "elm-spa",
        "rev": "cc3a5921367df5fd2c29397c7c51b559a5b784f2",
        "type": "github"
      },
      "original": {
        "owner": "jeslie0",
        "repo": "elm-spa",
        "type": "github"
      }
    },
    "flake-utils": {
      "locked": {
        "lastModified": 1667395993,
        "narHash": "sha256-nuEHfE/LcWyuSWnS8t12N1wc105Qtau+/OdUAjtQ0rA=",
        "owner": "numtide",
        "repo": "flake-utils",
        "rev": "5aed5285a952e0b949eb3ba02c12fa4fcfef535f",
        "type": "github"
      },
      "original": {
        "owner": "numtide",
        "repo": "flake-utils",
        "type": "github"
      }
    },
    "flake-utils_2": {
      "locked": {
        "lastModified": 1678901627,
        "narHash": "sha256-U02riOqrKKzwjsxc/400XnElV+UtPUQWpANPlyazjH0=",
        "owner": "numtide",
        "repo": "flake-utils",
        "rev": "93a2b84fc4b70d9e089d029deacc3583435c2ed6",
        "type": "github"
      },
      "original": {
        "owner": "numtide",
        "repo": "flake-utils",
        "type": "github"
      }
    },
    "mkElmDerivation": {
      "inputs": {
        "elm-spa": "elm-spa",
        "flake-utils": "flake-utils",
        "nixpkgs": [
          "nixpkgs"
        ]
      },
      "locked": {
        "lastModified": 1681607804,
        "narHash": "sha256-JzD8bXZdTL/jZ/R6frKdQx+f+eRegP9HT4hf/AeXOE4=",
        "owner": "jeslie0",
        "repo": "mkElmDerivation",
        "rev": "bd495b8dc99a252797123b8757ca56000f5defdb",
        "type": "github"
      },
      "original": {
        "owner": "jeslie0",
        "repo": "mkElmDerivation",
        "type": "github"
      }
    },
    "nix-github-actions": {
      "inputs": {
        "nixpkgs": [
          "poetry2nix",
          "nixpkgs"
        ]
      },
      "locked": {
        "lastModified": 1688870561,
        "narHash": "sha256-4UYkifnPEw1nAzqqPOTL2MvWtm3sNGw1UTYTalkTcGY=",
        "owner": "nix-community",
        "repo": "nix-github-actions",
        "rev": "165b1650b753316aa7f1787f3005a8d2da0f5301",
        "type": "github"
      },
      "original": {
        "owner": "nix-community",
        "repo": "nix-github-actions",
        "type": "github"
      }
    },
    "nix-npm-buildpackage": {
      "inputs": {
        "nixpkgs": "nixpkgs_2"
      },
      "locked": {
        "lastModified": 1666251292,
        "narHash": "sha256-8U27YbBwITbnVcC/PBQWsOP2EkpBMfKlD82Fb4NBOcc=",
        "owner": "serokell",
        "repo": "nix-npm-buildpackage",
        "rev": "47f5444116df877b22cd262bfd01d0874f370e8a",
        "type": "github"
      },
      "original": {
        "owner": "serokell",
        "repo": "nix-npm-buildpackage",
        "type": "github"
      }
    },
    "nixpkgs": {
      "locked": {
        "lastModified": 1689850295,
        "narHash": "sha256-fUYf6WdQlhd2H+3aR8jST5dhFH1d0eE22aes8fNIfyk=",
        "owner": "NixOS",
        "repo": "nixpkgs",
        "rev": "5df4d78d54f7a34e9ea1f84a22b4fd9baebc68d0",
        "type": "github"
      },
      "original": {
        "owner": "NixOS",
        "repo": "nixpkgs",
        "rev": "5df4d78d54f7a34e9ea1f84a22b4fd9baebc68d0",
        "type": "github"
      }
    },
    "nixpkgs_2": {
      "locked": {
        "lastModified": 1653917367,
        "narHash": "sha256-04MsJC0g9kE01nBuXThMppZK+yvCZECQnUaZKSU+HJo=",
        "owner": "NixOS",
        "repo": "nixpkgs",
        "rev": "437c8e6554911095f0557d524e9d2ffe1c26e33a",
        "type": "github"
      },
      "original": {
        "id": "nixpkgs",
        "type": "indirect"
      }
    },
    "nixpkgs_3": {
      "locked": {
        "lastModified": 1668058645,
        "narHash": "sha256-vHAXeYfKVO6ZbDN0GquEPVFZ42LzlYoX4ZWuKteFzj0=",
        "owner": "NixOS",
        "repo": "nixpkgs",
        "rev": "d01cb18be494e3d860fcfe6be4ad63614360333c",
        "type": "github"
      },
      "original": {
        "id": "nixpkgs",
        "type": "indirect"
      }
    },
    "poetry2nix": {
      "inputs": {
        "flake-utils": "flake-utils_2",
        "nix-github-actions": "nix-github-actions",
        "nixpkgs": [
          "nixpkgs"
        ]
      },
      "locked": {
        "lastModified": 1689849924,
        "narHash": "sha256-d259Z2S7CS7Na04qQNQ6LYQILuI7cf4Rpe76qc4mz40=",
        "owner": "nix-community",
        "repo": "poetry2nix",
        "rev": "1d7eda9336f336392d24e9602be5cb9be7ae405c",
        "type": "github"
      },
      "original": {
        "owner": "nix-community",
        "repo": "poetry2nix",
        "rev": "1d7eda9336f336392d24e9602be5cb9be7ae405c",
        "type": "github"
      }
    },
    "root": {
      "inputs": {
        "mkElmDerivation": "mkElmDerivation",
        "nixpkgs": "nixpkgs",
        "poetry2nix": "poetry2nix",
        "uglymol": "uglymol"
      }
    },
    "uglymol": {
      "inputs": {
        "nix-npm-buildpackage": "nix-npm-buildpackage",
        "nixpkgs": "nixpkgs_3"
      },
      "locked": {
        "lastModified": 1668169700,
        "narHash": "sha256-IMK9OLQzyfVK9BTVefhfyJwhyeoWYca1OYdzZ5j2pgU=",
        "ref": "refs/heads/amarcord-fixes",
        "rev": "a3c14a9e04f9c22f2363882f1dfac1554ed88d58",
        "revCount": 365,
        "type": "git",
        "url": "https://gitlab.desy.de/cfel-sc-public/uglymol.git"
      },
      "original": {
        "type": "git",
        "url": "https://gitlab.desy.de/cfel-sc-public/uglymol.git"
      }
    }
  },
  "root": "root",
  "version": 7
}
